
Microsoft Visual Studio Solution File, Format Version 12.00
# Visual Studio Version 16
VisualStudioVersion = 16.0.31402.337
MinimumVisualStudioVersion = 10.0.40219.1
Project("{9A19103F-16F7-4668-BE54-9A1E7A4F7556}") = "KitProjects.Api.AspNetCore", "KitProjects.Api\KitProjects.Api.AspNetCore.csproj", "{1B0115E4-CF88-48C4-9284-0BB8820C705F}"
EndProject
Global
	GlobalSection(SolutionConfigurationPlatforms) = preSolution
		Debug|Any CPU = Debug|Any CPU
		Release|Any CPU = Release|Any CPU
	EndGlobalSection
	GlobalSection(ProjectConfigurationPlatforms) = postSolution
		{1B0115E4-CF88-48C4-9284-0BB8820C705F}.Debug|Any CPU.ActiveCfg = Debug|Any CPU
		{1B0115E4-CF88-48C4-9284-0BB8820C705F}.Debug|Any CPU.Build.0 = Debug|Any CPU
		{1B0115E4-CF88-48C4-9284-0BB8820C705F}.Release|Any CPU.ActiveCfg = Release|Any CPU
		{1B0115E4-CF88-48C4-9284-0BB8820C705F}.Release|Any CPU.Build.0 = Release|Any CPU
	EndGlobalSection
	GlobalSection(SolutionProperties) = preSolution
		HideSolutionNode = FALSE
	EndGlobalSection
	GlobalSection(ExtensibilityGlobals) = postSolution
		SolutionGuid = {AF548595-209D-4DB6-B161-EA0E4EC9AF1E}
	EndGlobalSection
EndGlobal
